
Microsoft Visual Studio Solution File, Format Version 12.00
# Visual Studio Version 17
VisualStudioVersion = 17.14.36221.1 d17.14
MinimumVisualStudioVersion = 10.0.40219.1
Project("{FAE04EC0-301F-11D3-BF4B-00C04F79EFBC}") = "employee management", "employee management.csproj", "{5358E9B4-731B-49C3-8213-321455A19482}"
EndProject
Global
	GlobalSection(SolutionConfigurationPlatforms) = preSolution
		Debug|Any CPU = Debug|Any CPU
		Release|Any CPU = Release|Any CPU
	EndGlobalSection
	GlobalSection(ProjectConfigurationPlatforms) = postSolution
		{5358E9B4-731B-49C3-8213-321455A19482}.Debug|Any CPU.ActiveCfg = Debug|Any CPU
		{5358E9B4-731B-49C3-8213-321455A19482}.Debug|Any CPU.Build.0 = Debug|Any CPU
		{5358E9B4-731B-49C3-8213-321455A19482}.Release|Any CPU.ActiveCfg = Release|Any CPU
		{5358E9B4-731B-49C3-8213-321455A19482}.Release|Any CPU.Build.0 = Release|Any CPU
	EndGlobalSection
	GlobalSection(SolutionProperties) = preSolution
		HideSolutionNode = FALSE
	EndGlobalSection
	GlobalSection(ExtensibilityGlobals) = postSolution
		SolutionGuid = {BFE7DCBA-C5E9-4098-8C5A-33C74FFE4ADE}
	EndGlobalSection
EndGlobal
